
Microsoft Visual Studio Solution File, Format Version 12.00
# Visual Studio Version 17
VisualStudioVersion = 17.0.31903.59
MinimumVisualStudioVersion = 10.0.40219.1
Project("{2150E333-8FDC-42A3-9474-1A3956D46DE8}") = "src", "src", "{E2B37EDC-16F2-4568-BAE4-A4159E0A1D8B}"
EndProject
Project("{FAE04EC0-301F-11D3-BF4B-00C04F79EFBC}") = "TBot.Client", "src\TBot.Client\TBot.Client.csproj", "{02E412C0-F61F-416A-A3B3-7A3B77691D3E}"
EndProject
Project("{FAE04EC0-301F-11D3-BF4B-00C04F79EFBC}") = "TBot.Command", "src\TBot.Command\TBot.Command.csproj", "{56A19F29-2E0C-4238-9D69-5C7A3F37E937}"
EndProject
Project("{FAE04EC0-301F-11D3-BF4B-00C04F79EFBC}") = "TBot.Core", "src\TBot.Core\TBot.Core.csproj", "{BD8F1F87-96A3-4375-8FCD-8107390EB923}"
EndProject
Project("{FAE04EC0-301F-11D3-BF4B-00C04F79EFBC}") = "TBot.ReplyKeyboard", "src\TBot.ReplyKeyboard\TBot.ReplyKeyboard.csproj", "{1D5DA6AB-D2F1-4367-9DA4-12EA4218F2CA}"
EndProject
Project("{FAE04EC0-301F-11D3-BF4B-00C04F79EFBC}") = "TBot.Dto", "src\TBot.Dto\TBot.Dto.csproj", "{BA7FF2D7-A53D-4DCF-9C45-11B4C0E5D951}"
EndProject
Project("{FAE04EC0-301F-11D3-BF4B-00C04F79EFBC}") = "TBot.Asp.Client", "src\TBot.Asp.Client\TBot.Asp.Client.csproj", "{DD0F4F4F-BA9A-4BD7-9D52-874F08954A88}"
EndProject
Global
	GlobalSection(SolutionConfigurationPlatforms) = preSolution
		Debug|Any CPU = Debug|Any CPU
		Release|Any CPU = Release|Any CPU
	EndGlobalSection
	GlobalSection(SolutionProperties) = preSolution
		HideSolutionNode = FALSE
	EndGlobalSection
	GlobalSection(ProjectConfigurationPlatforms) = postSolution
		{02E412C0-F61F-416A-A3B3-7A3B77691D3E}.Debug|Any CPU.ActiveCfg = Debug|Any CPU
		{02E412C0-F61F-416A-A3B3-7A3B77691D3E}.Debug|Any CPU.Build.0 = Debug|Any CPU
		{02E412C0-F61F-416A-A3B3-7A3B77691D3E}.Release|Any CPU.ActiveCfg = Release|Any CPU
		{02E412C0-F61F-416A-A3B3-7A3B77691D3E}.Release|Any CPU.Build.0 = Release|Any CPU
		{56A19F29-2E0C-4238-9D69-5C7A3F37E937}.Debug|Any CPU.ActiveCfg = Debug|Any CPU
		{56A19F29-2E0C-4238-9D69-5C7A3F37E937}.Debug|Any CPU.Build.0 = Debug|Any CPU
		{56A19F29-2E0C-4238-9D69-5C7A3F37E937}.Release|Any CPU.ActiveCfg = Release|Any CPU
		{56A19F29-2E0C-4238-9D69-5C7A3F37E937}.Release|Any CPU.Build.0 = Release|Any CPU
		{BD8F1F87-96A3-4375-8FCD-8107390EB923}.Debug|Any CPU.ActiveCfg = Debug|Any CPU
		{BD8F1F87-96A3-4375-8FCD-8107390EB923}.Debug|Any CPU.Build.0 = Debug|Any CPU
		{BD8F1F87-96A3-4375-8FCD-8107390EB923}.Release|Any CPU.ActiveCfg = Release|Any CPU
		{BD8F1F87-96A3-4375-8FCD-8107390EB923}.Release|Any CPU.Build.0 = Release|Any CPU
		{1D5DA6AB-D2F1-4367-9DA4-12EA4218F2CA}.Debug|Any CPU.ActiveCfg = Debug|Any CPU
		{1D5DA6AB-D2F1-4367-9DA4-12EA4218F2CA}.Debug|Any CPU.Build.0 = Debug|Any CPU
		{1D5DA6AB-D2F1-4367-9DA4-12EA4218F2CA}.Release|Any CPU.ActiveCfg = Release|Any CPU
		{1D5DA6AB-D2F1-4367-9DA4-12EA4218F2CA}.Release|Any CPU.Build.0 = Release|Any CPU
		{BA7FF2D7-A53D-4DCF-9C45-11B4C0E5D951}.Debug|Any CPU.ActiveCfg = Debug|Any CPU
		{BA7FF2D7-A53D-4DCF-9C45-11B4C0E5D951}.Debug|Any CPU.Build.0 = Debug|Any CPU
		{BA7FF2D7-A53D-4DCF-9C45-11B4C0E5D951}.Release|Any CPU.ActiveCfg = Release|Any CPU
		{BA7FF2D7-A53D-4DCF-9C45-11B4C0E5D951}.Release|Any CPU.Build.0 = Release|Any CPU
		{DD0F4F4F-BA9A-4BD7-9D52-874F08954A88}.Debug|Any CPU.ActiveCfg = Debug|Any CPU
		{DD0F4F4F-BA9A-4BD7-9D52-874F08954A88}.Debug|Any CPU.Build.0 = Debug|Any CPU
		{DD0F4F4F-BA9A-4BD7-9D52-874F08954A88}.Release|Any CPU.ActiveCfg = Release|Any CPU
		{DD0F4F4F-BA9A-4BD7-9D52-874F08954A88}.Release|Any CPU.Build.0 = Release|Any CPU
	EndGlobalSection
	GlobalSection(NestedProjects) = preSolution
		{02E412C0-F61F-416A-A3B3-7A3B77691D3E} = {E2B37EDC-16F2-4568-BAE4-A4159E0A1D8B}
		{56A19F29-2E0C-4238-9D69-5C7A3F37E937} = {E2B37EDC-16F2-4568-BAE4-A4159E0A1D8B}
		{BD8F1F87-96A3-4375-8FCD-8107390EB923} = {E2B37EDC-16F2-4568-BAE4-A4159E0A1D8B}
		{1D5DA6AB-D2F1-4367-9DA4-12EA4218F2CA} = {E2B37EDC-16F2-4568-BAE4-A4159E0A1D8B}
		{BA7FF2D7-A53D-4DCF-9C45-11B4C0E5D951} = {E2B37EDC-16F2-4568-BAE4-A4159E0A1D8B}
		{DD0F4F4F-BA9A-4BD7-9D52-874F08954A88} = {E2B37EDC-16F2-4568-BAE4-A4159E0A1D8B}
	EndGlobalSection
EndGlobal
